
Microsoft Visual Studio Solution File, Format Version 12.00
# Visual Studio 15
VisualStudioVersion = 15.0.28307.421
MinimumVisualStudioVersion = 10.0.40219.1
Project("{FAE04EC0-301F-11D3-BF4B-00C04F79EFBC}") = "Library", "Library\Library.csproj", "{469EE41E-A36D-4F56-A7C6-CBCB6A99017C}"
EndProject
Project("{FAE04EC0-301F-11D3-BF4B-00C04F79EFBC}") = "LibraryOrganize", "LibraryOrganize\LibraryOrganize.csproj", "{00E4C742-B85A-4451-98AC-482EB2D39C97}"
EndProject
Global
	GlobalSection(SolutionConfigurationPlatforms) = preSolution
		Debug|Any CPU = Debug|Any CPU
		Release|Any CPU = Release|Any CPU
	EndGlobalSection
	GlobalSection(ProjectConfigurationPlatforms) = postSolution
		{469EE41E-A36D-4F56-A7C6-CBCB6A99017C}.Debug|Any CPU.ActiveCfg = Debug|Any CPU
		{469EE41E-A36D-4F56-A7C6-CBCB6A99017C}.Debug|Any CPU.Build.0 = Debug|Any CPU
		{469EE41E-A36D-4F56-A7C6-CBCB6A99017C}.Release|Any CPU.ActiveCfg = Release|Any CPU
		{469EE41E-A36D-4F56-A7C6-CBCB6A99017C}.Release|Any CPU.Build.0 = Release|Any CPU
		{00E4C742-B85A-4451-98AC-482EB2D39C97}.Debug|Any CPU.ActiveCfg = Debug|Any CPU
		{00E4C742-B85A-4451-98AC-482EB2D39C97}.Debug|Any CPU.Build.0 = Debug|Any CPU
		{00E4C742-B85A-4451-98AC-482EB2D39C97}.Release|Any CPU.ActiveCfg = Release|Any CPU
		{00E4C742-B85A-4451-98AC-482EB2D39C97}.Release|Any CPU.Build.0 = Release|Any CPU
	EndGlobalSection
	GlobalSection(SolutionProperties) = preSolution
		HideSolutionNode = FALSE
	EndGlobalSection
	GlobalSection(ExtensibilityGlobals) = postSolution
		SolutionGuid = {0864D2D0-B51B-46C0-8591-3092AA168D25}
	EndGlobalSection
EndGlobal
